
Microsoft Visual Studio Solution File, Format Version 12.00
# Visual Studio Version 16
VisualStudioVersion = 16.0.30114.105
MinimumVisualStudioVersion = 10.0.40219.1
Project("{FAE04EC0-301F-11D3-BF4B-00C04F79EFBC}") = "LuaTableSerializer", "LuaTableSerializer\LuaTableSerializer.csproj", "{31DA6998-70A1-40D8-A99D-31795311CFC4}"
EndProject
Project("{FAE04EC0-301F-11D3-BF4B-00C04F79EFBC}") = "Example", "Example\Example.csproj", "{13198F30-3066-41A4-A5E4-C213E14C8884}"
EndProject
Project("{FAE04EC0-301F-11D3-BF4B-00C04F79EFBC}") = "tests", "tests\LuaTableSerializer.Tests.csproj", "{690388BF-EDC1-4BF7-B659-F2C9783938AF}"
EndProject
Global
	GlobalSection(SolutionConfigurationPlatforms) = preSolution
		Debug|Any CPU = Debug|Any CPU
		Release|Any CPU = Release|Any CPU
	EndGlobalSection
	GlobalSection(SolutionProperties) = preSolution
		HideSolutionNode = FALSE
	EndGlobalSection
	GlobalSection(ProjectConfigurationPlatforms) = postSolution
		{31DA6998-70A1-40D8-A99D-31795311CFC4}.Debug|Any CPU.ActiveCfg = Debug|Any CPU
		{31DA6998-70A1-40D8-A99D-31795311CFC4}.Debug|Any CPU.Build.0 = Debug|Any CPU
		{31DA6998-70A1-40D8-A99D-31795311CFC4}.Release|Any CPU.ActiveCfg = Release|Any CPU
		{31DA6998-70A1-40D8-A99D-31795311CFC4}.Release|Any CPU.Build.0 = Release|Any CPU
		{13198F30-3066-41A4-A5E4-C213E14C8884}.Debug|Any CPU.ActiveCfg = Debug|Any CPU
		{13198F30-3066-41A4-A5E4-C213E14C8884}.Debug|Any CPU.Build.0 = Debug|Any CPU
		{13198F30-3066-41A4-A5E4-C213E14C8884}.Release|Any CPU.ActiveCfg = Release|Any CPU
		{13198F30-3066-41A4-A5E4-C213E14C8884}.Release|Any CPU.Build.0 = Release|Any CPU
		{690388BF-EDC1-4BF7-B659-F2C9783938AF}.Debug|Any CPU.ActiveCfg = Debug|Any CPU
		{690388BF-EDC1-4BF7-B659-F2C9783938AF}.Debug|Any CPU.Build.0 = Debug|Any CPU
		{690388BF-EDC1-4BF7-B659-F2C9783938AF}.Release|Any CPU.ActiveCfg = Release|Any CPU
		{690388BF-EDC1-4BF7-B659-F2C9783938AF}.Release|Any CPU.Build.0 = Release|Any CPU
	EndGlobalSection
EndGlobal
